// !$*UTF8*$!
{
	archiveVersion = 1;
	classes = {
	};
	objectVersion = 46;
	objects = {

/* Begin PBXBuildFile section */
		3E63EDC31992889000800716 /* Foundation.framework in Frameworks */ = {isa = PBXBuildFile; fileRef = 3E63EDC21992889000800716 /* Foundation.framework */; };
		3E63EDC51992889000800716 /* CoreGraphics.framework in Frameworks */ = {isa = PBXBuildFile; fileRef = 3E63EDC41992889000800716 /* CoreGraphics.framework */; };
		3E63EDC71992889000800716 /* UIKit.framework in Frameworks */ = {isa = PBXBuildFile; fileRef = 3E63EDC61992889000800716 /* UIKit.framework */; };
		3E63EDCD1992889000800716 /* InfoPlist.strings in Resources */ = {isa = PBXBuildFile; fileRef = 3E63EDCB1992889000800716 /* InfoPlist.strings */; };
		3E63EDCF1992889000800716 /* main.m in Sources */ = {isa = PBXBuildFile; fileRef = 3E63EDCE1992889000800716 /* main.m */; };
		3E63EDD31992889000800716 /* BHTAppDelegate.m in Sources */ = {isa = PBXBuildFile; fileRef = 3E63EDD21992889000800716 /* BHTAppDelegate.m */; };
		3E63EDD61992889000800716 /* Main.storyboard in Resources */ = {isa = PBXBuildFile; fileRef = 3E63EDD41992889000800716 /* Main.storyboard */; };
		3E63EDD91992889000800716 /* BHTViewController.m in Sources */ = {isa = PBXBuildFile; fileRef = 3E63EDD81992889000800716 /* BHTViewController.m */; };
		3E63EDDB1992889000800716 /* Images.xcassets in Resources */ = {isa = PBXBuildFile; fileRef = 3E63EDDA1992889000800716 /* Images.xcassets */; };
		3E63EDE21992889000800716 /* XCTest.framework in Frameworks */ = {isa = PBXBuildFile; fileRef = 3E63EDE11992889000800716 /* XCTest.framework */; };
		3E63EDE31992889000800716 /* Foundation.framework in Frameworks */ = {isa = PBXBuildFile; fileRef = 3E63EDC21992889000800716 /* Foundation.framework */; };
		3E63EDE41992889000800716 /* UIKit.framework in Frameworks */ = {isa = PBXBuildFile; fileRef = 3E63EDC61992889000800716 /* UIKit.framework */; };
		3E63EDEC1992889000800716 /* InfoPlist.strings in Resources */ = {isa = PBXBuildFile; fileRef = 3E63EDEA1992889000800716 /* InfoPlist.strings */; };
		3E63EDEE1992889000800716 /* BHTNestedSelectionPickerExampleTests.m in Sources */ = {isa = PBXBuildFile; fileRef = 3E63EDED1992889000800716 /* BHTNestedSelectionPickerExampleTests.m */; };
		3E63EE0F199288F400800716 /* BHTNestedSelectionCell.m in Sources */ = {isa = PBXBuildFile; fileRef = 3E63EE07199288F400800716 /* BHTNestedSelectionCell.m */; };
		3E63EE10199288F400800716 /* BHTNestedSelectionPicker.m in Sources */ = {isa = PBXBuildFile; fileRef = 3E63EE0A199288F400800716 /* BHTNestedSelectionPicker.m */; };
		3E63EE11199288F400800716 /* BHTNestedSelectionTableViewController.m in Sources */ = {isa = PBXBuildFile; fileRef = 3E63EE0C199288F400800716 /* BHTNestedSelectionTableViewController.m */; };
		3E63EE12199288F400800716 /* BHTNestedSelectionTree.m in Sources */ = {isa = PBXBuildFile; fileRef = 3E63EE0E199288F400800716 /* BHTNestedSelectionTree.m */; };
		3E63EE16199289B200800716 /* NSDictionary+loadPropertyList.m in Sources */ = {isa = PBXBuildFile; fileRef = 3E63EE15199289B200800716 /* NSDictionary+loadPropertyList.m */; };
		3E63EE19199289C900800716 /* STFilterButtonTypeOptions.plist in Resources */ = {isa = PBXBuildFile; fileRef = 3E63EE18199289C900800716 /* STFilterButtonTypeOptions.plist */; };
		3E63EE1F199289E600800716 /* BHTNestedSelectionCustomObject.m in Sources */ = {isa = PBXBuildFile; fileRef = 3E63EE1C199289E600800716 /* BHTNestedSelectionCustomObject.m */; };
		3E63EE20199289E600800716 /* BHTNestedSelectionCustomCell.m in Sources */ = {isa = PBXBuildFile; fileRef = 3E63EE1E199289E600800716 /* BHTNestedSelectionCustomCell.m */; };
		3EB704271992E14800B1989A /* BHTNestedSelectionCustomNavigationController.m in Sources */ = {isa = PBXBuildFile; fileRef = 3EB704261992E14800B1989A /* BHTNestedSelectionCustomNavigationController.m */; };
		CBAF6EEC42FD4BF2A19A5A2C /* libPods.a in Frameworks */ = {isa = PBXBuildFile; fileRef = 45EB643D8225484CBDAA4701 /* libPods.a */; };
/* End PBXBuildFile section */

/* Begin PBXContainerItemProxy section */
		3E63EDE51992889000800716 /* PBXContainerItemProxy */ = {
			isa = PBXContainerItemProxy;
			containerPortal = 3E63EDB71992889000800716 /* Project object */;
			proxyType = 1;
			remoteGlobalIDString = 3E63EDBE1992889000800716;
			remoteInfo = BHTNestedSelectionPickerExample;
		};
/* End PBXContainerItemProxy section */

/* Begin PBXFileReference section */
		3E63EDBF1992889000800716 /* BHTNestedSelectionPickerExample.app */ = {isa = PBXFileReference; explicitFileType = wrapper.application; includeInIndex = 0; path = BHTNestedSelectionPickerExample.app; sourceTree = BUILT_PRODUCTS_DIR; };
		3E63EDC21992889000800716 /* Foundation.framework */ = {isa = PBXFileReference; lastKnownFileType = wrapper.framework; name = Foundation.framework; path = System/Library/Frameworks/Foundation.framework; sourceTree = SDKROOT; };
		3E63EDC41992889000800716 /* CoreGraphics.framework */ = {isa = PBXFileReference; lastKnownFileType = wrapper.framework; name = CoreGraphics.framework; path = System/Library/Frameworks/CoreGraphics.framework; sourceTree = SDKROOT; };
		3E63EDC61992889000800716 /* UIKit.framework */ = {isa = PBXFileReference; lastKnownFileType = wrapper.framework; name = UIKit.framework; path = System/Library/Frameworks/UIKit.framework; sourceTree = SDKROOT; };
		3E63EDCA1992889000800716 /* BHTNestedSelectionPickerExample-Info.plist */ = {isa = PBXFileReference; lastKnownFileType = text.plist.xml; path = "BHTNestedSelectionPickerExample-Info.plist"; sourceTree = "<group>"; };
		3E63EDCC1992889000800716 /* en */ = {isa = PBXFileReference; lastKnownFileType = text.plist.strings; name = en; path = en.lproj/InfoPlist.strings; sourceTree = "<group>"; };
		3E63EDCE1992889000800716 /* main.m */ = {isa = PBXFileReference; lastKnownFileType = sourcecode.c.objc; path = main.m; sourceTree = "<group>"; };
		3E63EDD01992889000800716 /* BHTNestedSelectionPickerExample-Prefix.pch */ = {isa = PBXFileReference; lastKnownFileType = sourcecode.c.h; path = "BHTNestedSelectionPickerExample-Prefix.pch"; sourceTree = "<group>"; };
		3E63EDD11992889000800716 /* BHTAppDelegate.h */ = {isa = PBXFileReference; lastKnownFileType = sourcecode.c.h; path = BHTAppDelegate.h; sourceTree = "<group>"; };
		3E63EDD21992889000800716 /* BHTAppDelegate.m */ = {isa = PBXFileReference; lastKnownFileType = sourcecode.c.objc; path = BHTAppDelegate.m; sourceTree = "<group>"; };
		3E63EDD51992889000800716 /* Base */ = {isa = PBXFileReference; lastKnownFileType = file.storyboard; name = Base; path = Base.lproj/Main.storyboard; sourceTree = "<group>"; };
		3E63EDD71992889000800716 /* BHTViewController.h */ = {isa = PBXFileReference; lastKnownFileType = sourcecode.c.h; path = BHTViewController.h; sourceTree = "<group>"; };
		3E63EDD81992889000800716 /* BHTViewController.m */ = {isa = PBXFileReference; lastKnownFileType = sourcecode.c.objc; path = BHTViewController.m; sourceTree = "<group>"; };
		3E63EDDA1992889000800716 /* Images.xcassets */ = {isa = PBXFileReference; lastKnownFileType = folder.assetcatalog; path = Images.xcassets; sourceTree = "<group>"; };
		3E63EDE01992889000800716 /* BHTNestedSelectionPickerExampleTests.xctest */ = {isa = PBXFileReference; explicitFileType = wrapper.cfbundle; includeInIndex = 0; path = BHTNestedSelectionPickerExampleTests.xctest; sourceTree = BUILT_PRODUCTS_DIR; };
		3E63EDE11992889000800716 /* XCTest.framework */ = {isa = PBXFileReference; lastKnownFileType = wrapper.framework; name = XCTest.framework; path = Library/Frameworks/XCTest.framework; sourceTree = DEVELOPER_DIR; };
		3E63EDE91992889000800716 /* BHTNestedSelectionPickerExampleTests-Info.plist */ = {isa = PBXFileReference; lastKnownFileType = text.plist.xml; path = "BHTNestedSelectionPickerExampleTests-Info.plist"; sourceTree = "<group>"; };
		3E63EDEB1992889000800716 /* en */ = {isa = PBXFileReference; lastKnownFileType = text.plist.strings; name = en; path = en.lproj/InfoPlist.strings; sourceTree = "<group>"; };
		3E63EDED1992889000800716 /* BHTNestedSelectionPickerExampleTests.m */ = {isa = PBXFileReference; lastKnownFileType = sourcecode.c.objc; path = BHTNestedSelectionPickerExampleTests.m; sourceTree = "<group>"; };
		3E63EE06199288F400800716 /* BHTNestedSelectionCell.h */ = {isa = PBXFileReference; fileEncoding = 4; lastKnownFileType = sourcecode.c.h; path = BHTNestedSelectionCell.h; sourceTree = "<group>"; };
		3E63EE07199288F400800716 /* BHTNestedSelectionCell.m */ = {isa = PBXFileReference; fileEncoding = 4; lastKnownFileType = sourcecode.c.objc; path = BHTNestedSelectionCell.m; sourceTree = "<group>"; };
		3E63EE08199288F400800716 /* BHTNestedSelectionObjectProtocol.h */ = {isa = PBXFileReference; fileEncoding = 4; lastKnownFileType = sourcecode.c.h; path = BHTNestedSelectionObjectProtocol.h; sourceTree = "<group>"; };
		3E63EE09199288F400800716 /* BHTNestedSelectionPicker.h */ = {isa = PBXFileReference; fileEncoding = 4; lastKnownFileType = sourcecode.c.h; path = BHTNestedSelectionPicker.h; sourceTree = "<group>"; };
		3E63EE0A199288F400800716 /* BHTNestedSelectionPicker.m */ = {isa = PBXFileReference; fileEncoding = 4; lastKnownFileType = sourcecode.c.objc; path = BHTNestedSelectionPicker.m; sourceTree = "<group>"; };
		3E63EE0B199288F400800716 /* BHTNestedSelectionTableViewController.h */ = {isa = PBXFileReference; fileEncoding = 4; lastKnownFileType = sourcecode.c.h; path = BHTNestedSelectionTableViewController.h; sourceTree = "<group>"; };
		3E63EE0C199288F400800716 /* BHTNestedSelectionTableViewController.m */ = {isa = PBXFileReference; fileEncoding = 4; lastKnownFileType = sourcecode.c.objc; path = BHTNestedSelectionTableViewController.m; sourceTree = "<group>"; };
		3E63EE0D199288F400800716 /* BHTNestedSelectionTree.h */ = {isa = PBXFileReference; fileEncoding = 4; lastKnownFileType = sourcecode.c.h; path = BHTNestedSelectionTree.h; sourceTree = "<group>"; };
		3E63EE0E199288F400800716 /* BHTNestedSelectionTree.m */ = {isa = PBXFileReference; fileEncoding = 4; lastKnownFileType = sourcecode.c.objc; path = BHTNestedSelectionTree.m; sourceTree = "<group>"; };
		3E63EE14199289B200800716 /* NSDictionary+loadPropertyList.h */ = {isa = PBXFileReference; fileEncoding = 4; lastKnownFileType = sourcecode.c.h; path = "NSDictionary+loadPropertyList.h"; sourceTree = "<group>"; };
		3E63EE15199289B200800716 /* NSDictionary+loadPropertyList.m */ = {isa = PBXFileReference; fileEncoding = 4; lastKnownFileType = sourcecode.c.objc; path = "NSDictionary+loadPropertyList.m"; sourceTree = "<group>"; };
		3E63EE18199289C900800716 /* STFilterButtonTypeOptions.plist */ = {isa = PBXFileReference; fileEncoding = 4; lastKnownFileType = text.plist.xml; path = STFilterButtonTypeOptions.plist; sourceTree = "<group>"; };
		3E63EE1B199289E600800716 /* BHTNestedSelectionCustomObject.h */ = {isa = PBXFileReference; fileEncoding = 4; lastKnownFileType = sourcecode.c.h; path = BHTNestedSelectionCustomObject.h; sourceTree = "<group>"; };
		3E63EE1C199289E600800716 /* BHTNestedSelectionCustomObject.m */ = {isa = PBXFileReference; fileEncoding = 4; lastKnownFileType = sourcecode.c.objc; path = BHTNestedSelectionCustomObject.m; sourceTree = "<group>"; };
		3E63EE1D199289E600800716 /* BHTNestedSelectionCustomCell.h */ = {isa = PBXFileReference; fileEncoding = 4; lastKnownFileType = sourcecode.c.h; path = BHTNestedSelectionCustomCell.h; sourceTree = "<group>"; };
		3E63EE1E199289E600800716 /* BHTNestedSelectionCustomCell.m */ = {isa = PBXFileReference; fileEncoding = 4; lastKnownFileType = sourcecode.c.objc; path = BHTNestedSelectionCustomCell.m; sourceTree = "<group>"; };
		3EB704251992E14800B1989A /* BHTNestedSelectionCustomNavigationController.h */ = {isa = PBXFileReference; fileEncoding = 4; lastKnownFileType = sourcecode.c.h; path = BHTNestedSelectionCustomNavigationController.h; sourceTree = "<group>"; };
		3EB704261992E14800B1989A /* BHTNestedSelectionCustomNavigationController.m */ = {isa = PBXFileReference; fileEncoding = 4; lastKnownFileType = sourcecode.c.objc; path = BHTNestedSelectionCustomNavigationController.m; sourceTree = "<group>"; };
		45EB643D8225484CBDAA4701 /* libPods.a */ = {isa = PBXFileReference; explicitFileType = archive.ar; includeInIndex = 0; path = libPods.a; sourceTree = BUILT_PRODUCTS_DIR; };
		874943DFA8B74FFBB2B9DDC4 /* Pods.xcconfig */ = {isa = PBXFileReference; includeInIndex = 1; lastKnownFileType = text.xcconfig; name = Pods.xcconfig; path = Pods/Pods.xcconfig; sourceTree = "<group>"; };
/* End PBXFileReference section */

/* Begin PBXFrameworksBuildPhase section */
		3E63EDBC1992889000800716 /* Frameworks */ = {
			isa = PBXFrameworksBuildPhase;
			buildActionMask = 2147483647;
			files = (
				3E63EDC51992889000800716 /* CoreGraphics.framework in Frameworks */,
				3E63EDC71992889000800716 /* UIKit.framework in Frameworks */,
				3E63EDC31992889000800716 /* Foundation.framework in Frameworks */,
				CBAF6EEC42FD4BF2A19A5A2C /* libPods.a in Frameworks */,
			);
			runOnlyForDeploymentPostprocessing = 0;
		};
		3E63EDDD1992889000800716 /* Frameworks */ = {
			isa = PBXFrameworksBuildPhase;
			buildActionMask = 2147483647;
			files = (
				3E63EDE21992889000800716 /* XCTest.framework in Frameworks */,
				3E63EDE41992889000800716 /* UIKit.framework in Frameworks */,
				3E63EDE31992889000800716 /* Foundation.framework in Frameworks */,
			);
			runOnlyForDeploymentPostprocessing = 0;
		};
/* End PBXFrameworksBuildPhase section */

/* Begin PBXGroup section */
		3E63EDB61992889000800716 = {
			isa = PBXGroup;
			children = (
				3E63EDC81992889000800716 /* BHTNestedSelectionPickerExample */,
				3E63EDE71992889000800716 /* BHTNestedSelectionPickerExampleTests */,
				3E63EDC11992889000800716 /* Frameworks */,
				3E63EDC01992889000800716 /* Products */,
				874943DFA8B74FFBB2B9DDC4 /* Pods.xcconfig */,
			);
			sourceTree = "<group>";
		};
		3E63EDC01992889000800716 /* Products */ = {
			isa = PBXGroup;
			children = (
				3E63EDBF1992889000800716 /* BHTNestedSelectionPickerExample.app */,
				3E63EDE01992889000800716 /* BHTNestedSelectionPickerExampleTests.xctest */,
			);
			name = Products;
			sourceTree = "<group>";
		};
		3E63EDC11992889000800716 /* Frameworks */ = {
			isa = PBXGroup;
			children = (
				3E63EDC21992889000800716 /* Foundation.framework */,
				3E63EDC41992889000800716 /* CoreGraphics.framework */,
				3E63EDC61992889000800716 /* UIKit.framework */,
				3E63EDE11992889000800716 /* XCTest.framework */,
				45EB643D8225484CBDAA4701 /* libPods.a */,
			);
			name = Frameworks;
			sourceTree = "<group>";
		};
		3E63EDC81992889000800716 /* BHTNestedSelectionPickerExample */ = {
			isa = PBXGroup;
			children = (
				3E63EE1A199289DB00800716 /* Classes */,
				3E63EE17199289C100800716 /* Resources */,
				3E63EE13199289A400800716 /* Categories */,
				3E63EE05199288F400800716 /* BHTNestedSelectionPicker */,
				3E63EDD11992889000800716 /* BHTAppDelegate.h */,
				3E63EDD21992889000800716 /* BHTAppDelegate.m */,
				3E63EDD41992889000800716 /* Main.storyboard */,
				3E63EDD71992889000800716 /* BHTViewController.h */,
				3E63EDD81992889000800716 /* BHTViewController.m */,
				3E63EDDA1992889000800716 /* Images.xcassets */,
				3E63EDC91992889000800716 /* Supporting Files */,
			);
			path = BHTNestedSelectionPickerExample;
			sourceTree = "<group>";
		};
		3E63EDC91992889000800716 /* Supporting Files */ = {
			isa = PBXGroup;
			children = (
				3E63EDCA1992889000800716 /* BHTNestedSelectionPickerExample-Info.plist */,
				3E63EDCB1992889000800716 /* InfoPlist.strings */,
				3E63EDCE1992889000800716 /* main.m */,
				3E63EDD01992889000800716 /* BHTNestedSelectionPickerExample-Prefix.pch */,
			);
			name = "Supporting Files";
			sourceTree = "<group>";
		};
		3E63EDE71992889000800716 /* BHTNestedSelectionPickerExampleTests */ = {
			isa = PBXGroup;
			children = (
				3E63EDED1992889000800716 /* BHTNestedSelectionPickerExampleTests.m */,
				3E63EDE81992889000800716 /* Supporting Files */,
			);
			path = BHTNestedSelectionPickerExampleTests;
			sourceTree = "<group>";
		};
		3E63EDE81992889000800716 /* Supporting Files */ = {
			isa = PBXGroup;
			children = (
				3E63EDE91992889000800716 /* BHTNestedSelectionPickerExampleTests-Info.plist */,
				3E63EDEA1992889000800716 /* InfoPlist.strings */,
			);
			name = "Supporting Files";
			sourceTree = "<group>";
		};
		3E63EE05199288F400800716 /* BHTNestedSelectionPicker */ = {
			isa = PBXGroup;
			children = (
				3E63EE06199288F400800716 /* BHTNestedSelectionCell.h */,
				3E63EE07199288F400800716 /* BHTNestedSelectionCell.m */,
				3E63EE08199288F400800716 /* BHTNestedSelectionObjectProtocol.h */,
				3E63EE09199288F400800716 /* BHTNestedSelectionPicker.h */,
				3E63EE0A199288F400800716 /* BHTNestedSelectionPicker.m */,
				3E63EE0B199288F400800716 /* BHTNestedSelectionTableViewController.h */,
				3E63EE0C199288F400800716 /* BHTNestedSelectionTableViewController.m */,
				3E63EE0D199288F400800716 /* BHTNestedSelectionTree.h */,
				3E63EE0E199288F400800716 /* BHTNestedSelectionTree.m */,
			);
			path = BHTNestedSelectionPicker;
			sourceTree = SOURCE_ROOT;
		};
		3E63EE13199289A400800716 /* Categories */ = {
			isa = PBXGroup;
			children = (
				3E63EE14199289B200800716 /* NSDictionary+loadPropertyList.h */,
				3E63EE15199289B200800716 /* NSDictionary+loadPropertyList.m */,
			);
			name = Categories;
			sourceTree = "<group>";
		};
		3E63EE17199289C100800716 /* Resources */ = {
			isa = PBXGroup;
			children = (
				3E63EE18199289C900800716 /* STFilterButtonTypeOptions.plist */,
			);
			name = Resources;
			sourceTree = "<group>";
		};
		3E63EE1A199289DB00800716 /* Classes */ = {
			isa = PBXGroup;
			children = (
				3E63EE1B199289E600800716 /* BHTNestedSelectionCustomObject.h */,
				3E63EE1C199289E600800716 /* BHTNestedSelectionCustomObject.m */,
				3E63EE1D199289E600800716 /* BHTNestedSelectionCustomCell.h */,
				3E63EE1E199289E600800716 /* BHTNestedSelectionCustomCell.m */,
				3EB704251992E14800B1989A /* BHTNestedSelectionCustomNavigationController.h */,
				3EB704261992E14800B1989A /* BHTNestedSelectionCustomNavigationController.m */,
			);
			name = Classes;
			sourceTree = "<group>";
		};
/* End PBXGroup section */

/* Begin PBXNativeTarget section */
		3E63EDBE1992889000800716 /* BHTNestedSelectionPickerExample */ = {
			isa = PBXNativeTarget;
			buildConfigurationList = 3E63EDF11992889000800716 /* Build configuration list for PBXNativeTarget "BHTNestedSelectionPickerExample" */;
			buildPhases = (
				5E2BF2EF31AA4DB18637D487 /* Check Pods Manifest.lock */,
				3E63EDBB1992889000800716 /* Sources */,
				3E63EDBC1992889000800716 /* Frameworks */,
				3E63EDBD1992889000800716 /* Resources */,
				4FA050728CB64B48AF26B3E4 /* Copy Pods Resources */,
			);
			buildRules = (
			);
			dependencies = (
			);
			name = BHTNestedSelectionPickerExample;
			productName = BHTNestedSelectionPickerExample;
			productReference = 3E63EDBF1992889000800716 /* BHTNestedSelectionPickerExample.app */;
			productType = "com.apple.product-type.application";
		};
		3E63EDDF1992889000800716 /* BHTNestedSelectionPickerExampleTests */ = {
			isa = PBXNativeTarget;
			buildConfigurationList = 3E63EDF41992889000800716 /* Build configuration list for PBXNativeTarget "BHTNestedSelectionPickerExampleTests" */;
			buildPhases = (
				3E63EDDC1992889000800716 /* Sources */,
				3E63EDDD1992889000800716 /* Frameworks */,
				3E63EDDE1992889000800716 /* Resources */,
			);
			buildRules = (
			);
			dependencies = (
				3E63EDE61992889000800716 /* PBXTargetDependency */,
			);
			name = BHTNestedSelectionPickerExampleTests;
			productName = BHTNestedSelectionPickerExampleTests;
			productReference = 3E63EDE01992889000800716 /* BHTNestedSelectionPickerExampleTests.xctest */;
			productType = "com.apple.product-type.bundle.unit-test";
		};
/* End PBXNativeTarget section */

/* Begin PBXProject section */
		3E63EDB71992889000800716 /* Project object */ = {
			isa = PBXProject;
			attributes = {
				CLASSPREFIX = BHT;
				LastUpgradeCheck = 0510;
				ORGANIZATIONNAME = "Bartek Hugo Trzcinski";
				TargetAttributes = {
					3E63EDDF1992889000800716 = {
						TestTargetID = 3E63EDBE1992889000800716;
					};
				};
			};
			buildConfigurationList = 3E63EDBA1992889000800716 /* Build configuration list for PBXProject "BHTNestedSelectionPickerExample" */;
			compatibilityVersion = "Xcode 3.2";
			developmentRegion = English;
			hasScannedForEncodings = 0;
			knownRegions = (
				en,
				Base,
			);
			mainGroup = 3E63EDB61992889000800716;
			productRefGroup = 3E63EDC01992889000800716 /* Products */;
			projectDirPath = "";
			projectRoot = "";
			targets = (
				3E63EDBE1992889000800716 /* BHTNestedSelectionPickerExample */,
				3E63EDDF1992889000800716 /* BHTNestedSelectionPickerExampleTests */,
			);
		};
/* End PBXProject section */

/* Begin PBXResourcesBuildPhase section */
		3E63EDBD1992889000800716 /* Resources */ = {
			isa = PBXResourcesBuildPhase;
			buildActionMask = 2147483647;
			files = (
				3E63EE19199289C900800716 /* STFilterButtonTypeOptions.plist in Resources */,
				3E63EDDB1992889000800716 /* Images.xcassets in Resources */,
				3E63EDCD1992889000800716 /* InfoPlist.strings in Resources */,
				3E63EDD61992889000800716 /* Main.storyboard in Resources */,
			);
			runOnlyForDeploymentPostprocessing = 0;
		};
		3E63EDDE1992889000800716 /* Resources */ = {
			isa = PBXResourcesBuildPhase;
			buildActionMask = 2147483647;
			files = (
				3E63EDEC1992889000800716 /* InfoPlist.strings in Resources */,
			);
			runOnlyForDeploymentPostprocessing = 0;
		};
/* End PBXResourcesBuildPhase section */

/* Begin PBXShellScriptBuildPhase section */
		4FA050728CB64B48AF26B3E4 /* Copy Pods Resources */ = {
			isa = PBXShellScriptBuildPhase;
			buildActionMask = 2147483647;
			files = (
			);
			inputPaths = (
			);
			name = "Copy Pods Resources";
			outputPaths = (
			);
			runOnlyForDeploymentPostprocessing = 0;
			shellPath = /bin/sh;
			shellScript = "\"${SRCROOT}/Pods/Pods-resources.sh\"\n";
			showEnvVarsInLog = 0;
		};
		5E2BF2EF31AA4DB18637D487 /* Check Pods Manifest.lock */ = {
			isa = PBXShellScriptBuildPhase;
			buildActionMask = 2147483647;
			files = (
			);
			inputPaths = (
			);
			name = "Check Pods Manifest.lock";
			outputPaths = (
			);
			runOnlyForDeploymentPostprocessing = 0;
			shellPath = /bin/sh;
			shellScript = "diff \"${PODS_ROOT}/../Podfile.lock\" \"${PODS_ROOT}/Manifest.lock\" > /dev/null\nif [[ $? != 0 ]] ; then\n    cat << EOM\nerror: The sandbox is not in sync with the Podfile.lock. Run 'pod install' or update your CocoaPods installation.\nEOM\n    exit 1\nfi\n";
			showEnvVarsInLog = 0;
		};
/* End PBXShellScriptBuildPhase section */

/* Begin PBXSourcesBuildPhase section */
		3E63EDBB1992889000800716 /* Sources */ = {
			isa = PBXSourcesBuildPhase;
			buildActionMask = 2147483647;
			files = (
				3E63EDD91992889000800716 /* BHTViewController.m in Sources */,
				3E63EDCF1992889000800716 /* main.m in Sources */,
				3EB704271992E14800B1989A /* BHTNestedSelectionCustomNavigationController.m in Sources */,
				3E63EE11199288F400800716 /* BHTNestedSelectionTableViewController.m in Sources */,
				3E63EE20199289E600800716 /* BHTNestedSelectionCustomCell.m in Sources */,
				3E63EE1F199289E600800716 /* BHTNestedSelectionCustomObject.m in Sources */,
				3E63EE12199288F400800716 /* BHTNestedSelectionTree.m in Sources */,
				3E63EE0F199288F400800716 /* BHTNestedSelectionCell.m in Sources */,
				3E63EE16199289B200800716 /* NSDictionary+loadPropertyList.m in Sources */,
				3E63EDD31992889000800716 /* BHTAppDelegate.m in Sources */,
				3E63EE10199288F400800716 /* BHTNestedSelectionPicker.m in Sources */,
			);
			runOnlyForDeploymentPostprocessing = 0;
		};
		3E63EDDC1992889000800716 /* Sources */ = {
			isa = PBXSourcesBuildPhase;
			buildActionMask = 2147483647;
			files = (
				3E63EDEE1992889000800716 /* BHTNestedSelectionPickerExampleTests.m in Sources */,
			);
			runOnlyForDeploymentPostprocessing = 0;
		};
/* End PBXSourcesBuildPhase section */

/* Begin PBXTargetDependency section */
		3E63EDE61992889000800716 /* PBXTargetDependency */ = {
			isa = PBXTargetDependency;
			target = 3E63EDBE1992889000800716 /* BHTNestedSelectionPickerExample */;
			targetProxy = 3E63EDE51992889000800716 /* PBXContainerItemProxy */;
		};
/* End PBXTargetDependency section */

/* Begin PBXVariantGroup section */
		3E63EDCB1992889000800716 /* InfoPlist.strings */ = {
			isa = PBXVariantGroup;
			children = (
				3E63EDCC1992889000800716 /* en */,
			);
			name = InfoPlist.strings;
			sourceTree = "<group>";
		};
		3E63EDD41992889000800716 /* Main.storyboard */ = {
			isa = PBXVariantGroup;
			children = (
				3E63EDD51992889000800716 /* Base */,
			);
			name = Main.storyboard;
			sourceTree = "<group>";
		};
		3E63EDEA1992889000800716 /* InfoPlist.strings */ = {
			isa = PBXVariantGroup;
			children = (
				3E63EDEB1992889000800716 /* en */,
			);
			name = InfoPlist.strings;
			sourceTree = "<group>";
		};
/* End PBXVariantGroup section */

/* Begin XCBuildConfiguration section */
		3E63EDEF1992889000800716 /* Debug */ = {
			isa = XCBuildConfiguration;
			buildSettings = {
				ALWAYS_SEARCH_USER_PATHS = NO;
				CLANG_CXX_LANGUAGE_STANDARD = "gnu++0x";
				CLANG_CXX_LIBRARY = "libc++";
				CLANG_ENABLE_MODULES = YES;
				CLANG_ENABLE_OBJC_ARC = YES;
				CLANG_WARN_BOOL_CONVERSION = YES;
				CLANG_WARN_CONSTANT_CONVERSION = YES;
				CLANG_WARN_DIRECT_OBJC_ISA_USAGE = YES_ERROR;
				CLANG_WARN_EMPTY_BODY = YES;
				CLANG_WARN_ENUM_CONVERSION = YES;
				CLANG_WARN_INT_CONVERSION = YES;
				CLANG_WARN_OBJC_ROOT_CLASS = YES_ERROR;
				CLANG_WARN__DUPLICATE_METHOD_MATCH = YES;
				"CODE_SIGN_IDENTITY[sdk=iphoneos*]" = "iPhone Developer";
				COPY_PHASE_STRIP = NO;
				GCC_C_LANGUAGE_STANDARD = gnu99;
				GCC_DYNAMIC_NO_PIC = NO;
				GCC_OPTIMIZATION_LEVEL = 0;
				GCC_PREPROCESSOR_DEFINITIONS = (
					"DEBUG=1",
					"$(inherited)",
				);
				GCC_SYMBOLS_PRIVATE_EXTERN = NO;
				GCC_WARN_64_TO_32_BIT_CONVERSION = YES;
				GCC_WARN_ABOUT_RETURN_TYPE = YES_ERROR;
				GCC_WARN_UNDECLARED_SELECTOR = YES;
				GCC_WARN_UNINITIALIZED_AUTOS = YES_AGGRESSIVE;
				GCC_WARN_UNUSED_FUNCTION = YES;
				GCC_WARN_UNUSED_VARIABLE = YES;
				IPHONEOS_DEPLOYMENT_TARGET = 7.1;
				ONLY_ACTIVE_ARCH = YES;
				SDKROOT = iphoneos;
			};
			name = Debug;
		};
		3E63EDF01992889000800716 /* Release */ = {
			isa = XCBuildConfiguration;
			buildSettings = {
				ALWAYS_SEARCH_USER_PATHS = NO;
				CLANG_CXX_LANGUAGE_STANDARD = "gnu++0x";
				CLANG_CXX_LIBRARY = "libc++";
				CLANG_ENABLE_MODULES = YES;
				CLANG_ENABLE_OBJC_ARC = YES;
				CLANG_WARN_BOOL_CONVERSION = YES;
				CLANG_WARN_CONSTANT_CONVERSION = YES;
				CLANG_WARN_DIRECT_OBJC_ISA_USAGE = YES_ERROR;
				CLANG_WARN_EMPTY_BODY = YES;
				CLANG_WARN_ENUM_CONVERSION = YES;
				CLANG_WARN_INT_CONVERSION = YES;
				CLANG_WARN_OBJC_ROOT_CLASS = YES_ERROR;
				CLANG_WARN__DUPLICATE_METHOD_MATCH = YES;
				"CODE_SIGN_IDENTITY[sdk=iphoneos*]" = "iPhone Developer";
				COPY_PHASE_STRIP = YES;
				ENABLE_NS_ASSERTIONS = NO;
				GCC_C_LANGUAGE_STANDARD = gnu99;
				GCC_WARN_64_TO_32_BIT_CONVERSION = YES;
				GCC_WARN_ABOUT_RETURN_TYPE = YES_ERROR;
				GCC_WARN_UNDECLARED_SELECTOR = YES;
				GCC_WARN_UNINITIALIZED_AUTOS = YES_AGGRESSIVE;
				GCC_WARN_UNUSED_FUNCTION = YES;
				GCC_WARN_UNUSED_VARIABLE = YES;
				IPHONEOS_DEPLOYMENT_TARGET = 7.1;
				SDKROOT = iphoneos;
				VALIDATE_PRODUCT = YES;
			};
			name = Release;
		};
		3E63EDF21992889000800716 /* Debug */ = {
			isa = XCBuildConfiguration;
			baseConfigurationReference = 874943DFA8B74FFBB2B9DDC4 /* Pods.xcconfig */;
			buildSettings = {
				ASSETCATALOG_COMPILER_APPICON_NAME = AppIcon;
				ASSETCATALOG_COMPILER_LAUNCHIMAGE_NAME = LaunchImage;
				GCC_PRECOMPILE_PREFIX_HEADER = YES;
				GCC_PREFIX_HEADER = "BHTNestedSelectionPickerExample/BHTNestedSelectionPickerExample-Prefix.pch";
				INFOPLIST_FILE = "BHTNestedSelectionPickerExample/BHTNestedSelectionPickerExample-Info.plist";
				PRODUCT_NAME = "$(TARGET_NAME)";
				WRAPPER_EXTENSION = app;
			};
			name = Debug;
		};
		3E63EDF31992889000800716 /* Release */ = {
			isa = XCBuildConfiguration;
			baseConfigurationReference = 874943DFA8B74FFBB2B9DDC4 /* Pods.xcconfig */;
			buildSettings = {
				ASSETCATALOG_COMPILER_APPICON_NAME = AppIcon;
				ASSETCATALOG_COMPILER_LAUNCHIMAGE_NAME = LaunchImage;
				GCC_PRECOMPILE_PREFIX_HEADER = YES;
				GCC_PREFIX_HEADER = "BHTNestedSelectionPickerExample/BHTNestedSelectionPickerExample-Prefix.pch";
				INFOPLIST_FILE = "BHTNestedSelectionPickerExample/BHTNestedSelectionPickerExample-Info.plist";
				PRODUCT_NAME = "$(TARGET_NAME)";
				WRAPPER_EXTENSION = app;
			};
			name = Release;
		};
		3E63EDF51992889000800716 /* Debug */ = {
			isa = XCBuildConfiguration;
			buildSettings = {
				BUNDLE_LOADER = "$(BUILT_PRODUCTS_DIR)/BHTNestedSelectionPickerExample.app/BHTNestedSelectionPickerExample";
				FRAMEWORK_SEARCH_PATHS = (
					"$(SDKROOT)/Developer/Library/Frameworks",
					"$(inherited)",
					"$(DEVELOPER_FRAMEWORKS_DIR)",
				);
				GCC_PRECOMPILE_PREFIX_HEADER = YES;
				GCC_PREFIX_HEADER = "BHTNestedSelectionPickerExample/BHTNestedSelectionPickerExample-Prefix.pch";
				GCC_PREPROCESSOR_DEFINITIONS = (
					"DEBUG=1",
					"$(inherited)",
				);
				INFOPLIST_FILE = "BHTNestedSelectionPickerExampleTests/BHTNestedSelectionPickerExampleTests-Info.plist";
				PRODUCT_NAME = "$(TARGET_NAME)";
				TEST_HOST = "$(BUNDLE_LOADER)";
				WRAPPER_EXTENSION = xctest;
			};
			name = Debug;
		};
		3E63EDF61992889000800716 /* Release */ = {
			isa = XCBuildConfiguration;
			buildSettings = {
				BUNDLE_LOADER = "$(BUILT_PRODUCTS_DIR)/BHTNestedSelectionPickerExample.app/BHTNestedSelectionPickerExample";
				FRAMEWORK_SEARCH_PATHS = (
					"$(SDKROOT)/Developer/Library/Frameworks",
					"$(inherited)",
					"$(DEVELOPER_FRAMEWORKS_DIR)",
				);
				GCC_PRECOMPILE_PREFIX_HEADER = YES;
				GCC_PREFIX_HEADER = "BHTNestedSelectionPickerExample/BHTNestedSelectionPickerExample-Prefix.pch";
				INFOPLIST_FILE = "BHTNestedSelectionPickerExampleTests/BHTNestedSelectionPickerExampleTests-Info.plist";
				PRODUCT_NAME = "$(TARGET_NAME)";
				TEST_HOST = "$(BUNDLE_LOADER)";
				WRAPPER_EXTENSION = xctest;
			};
			name = Release;
		};
/* End XCBuildConfiguration section */

/* Begin XCConfigurationList section */
		3E63EDBA1992889000800716 /* Build configuration list for PBXProject "BHTNestedSelectionPickerExample" */ = {
			isa = XCConfigurationList;
			buildConfigurations = (
				3E63EDEF1992889000800716 /* Debug */,
				3E63EDF01992889000800716 /* Release */,
			);
			defaultConfigurationIsVisible = 0;
			defaultConfigurationName = Release;
		};
		3E63EDF11992889000800716 /* Build configuration list for PBXNativeTarget "BHTNestedSelectionPickerExample" */ = {
			isa = XCConfigurationList;
			buildConfigurations = (
				3E63EDF21992889000800716 /* Debug */,
				3E63EDF31992889000800716 /* Release */,
			);
			defaultConfigurationIsVisible = 0;
			defaultConfigurationName = Release;
		};
		3E63EDF41992889000800716 /* Build configuration list for PBXNativeTarget "BHTNestedSelectionPickerExampleTests" */ = {
			isa = XCConfigurationList;
			buildConfigurations = (
				3E63EDF51992889000800716 /* Debug */,
				3E63EDF61992889000800716 /* Release */,
			);
			defaultConfigurationIsVisible = 0;
			defaultConfigurationName = Release;
		};
/* End XCConfigurationList section */
	};
	rootObject = 3E63EDB71992889000800716 /* Project object */;
}
